
Microsoft Visual Studio Solution File, Format Version 12.00
# Visual Studio Version 17
VisualStudioVersion = 17.7.34202.233
MinimumVisualStudioVersion = 10.0.40219.1
Project("{FAE04EC0-301F-11D3-BF4B-00C04F79EFBC}") = "ConsoleApp1", "ConsoleApp1\ConsoleApp1.csproj", "{705BD608-7672-465E-99A5-AA710A546869}"
EndProject
Global
	GlobalSection(SolutionConfigurationPlatforms) = preSolution
		Debug|Any CPU = Debug|Any CPU
		Release|Any CPU = Release|Any CPU
	EndGlobalSection
	GlobalSection(ProjectConfigurationPlatforms) = postSolution
		{705BD608-7672-465E-99A5-AA710A546869}.Debug|Any CPU.ActiveCfg = Debug|Any CPU
		{705BD608-7672-465E-99A5-AA710A546869}.Debug|Any CPU.Build.0 = Debug|Any CPU
		{705BD608-7672-465E-99A5-AA710A546869}.Release|Any CPU.ActiveCfg = Release|Any CPU
		{705BD608-7672-465E-99A5-AA710A546869}.Release|Any CPU.Build.0 = Release|Any CPU
	EndGlobalSection
	GlobalSection(SolutionProperties) = preSolution
		HideSolutionNode = FALSE
	EndGlobalSection
	GlobalSection(ExtensibilityGlobals) = postSolution
		SolutionGuid = {57F15B76-8C07-48D9-A399-F92EAB903791}
	EndGlobalSection
EndGlobal
